// !$*UTF8*$!
{
	archiveVersion = 1;
	classes = {
	};
	objectVersion = 46;
	objects = {

/* Begin PBXBuildFile section */
		C50838231D141C3F0025F67F /* CollectionView.swift in Sources */ = {isa = PBXBuildFile; fileRef = C50838221D141C3F0025F67F /* CollectionView.swift */; };
		C50838261D141E820025F67F /* TagCell.swift in Sources */ = {isa = PBXBuildFile; fileRef = C50838241D141E820025F67F /* TagCell.swift */; };
		C50838271D141E820025F67F /* TagCell.xib in Resources */ = {isa = PBXBuildFile; fileRef = C50838251D141E820025F67F /* TagCell.xib */; };
		C508382D1D1423620025F67F /* CollectionViewDataSource.swift in Sources */ = {isa = PBXBuildFile; fileRef = C508382C1D1423620025F67F /* CollectionViewDataSource.swift */; };
		C50838341D1951A20025F67F /* SuggestionView.swift in Sources */ = {isa = PBXBuildFile; fileRef = C50838331D1951A20025F67F /* SuggestionView.swift */; };
		C50838381D1951C10025F67F /* CompletionCell.swift in Sources */ = {isa = PBXBuildFile; fileRef = C50838361D1951C10025F67F /* CompletionCell.swift */; };
		C50838391D1951C10025F67F /* CompletionCell.xib in Resources */ = {isa = PBXBuildFile; fileRef = C50838371D1951C10025F67F /* CompletionCell.xib */; };
		C531434F1BD0F1A6006A8E48 /* Tags.h in Headers */ = {isa = PBXBuildFile; fileRef = C531434E1BD0F1A6006A8E48 /* Tags.h */; settings = {ATTRIBUTES = (Public, ); }; };
		C53143561BD0F1A6006A8E48 /* Tags.framework in Frameworks */ = {isa = PBXBuildFile; fileRef = C531434B1BD0F1A6006A8E48 /* Tags.framework */; };
		C531435B1BD0F1A6006A8E48 /* TagsInterfaceTests.swift in Sources */ = {isa = PBXBuildFile; fileRef = C531435A1BD0F1A6006A8E48 /* TagsInterfaceTests.swift */; };
		C53143931BD0F2FD006A8E48 /* TagDelegate.swift in Sources */ = {isa = PBXBuildFile; fileRef = C53143921BD0F2FD006A8E48 /* TagDelegate.swift */; };
		C53143951BD0F332006A8E48 /* TagParser.swift in Sources */ = {isa = PBXBuildFile; fileRef = C53143941BD0F332006A8E48 /* TagParser.swift */; };
		C53143971BD0F4B8006A8E48 /* TagsDataSource.swift in Sources */ = {isa = PBXBuildFile; fileRef = C53143961BD0F4B8006A8E48 /* TagsDataSource.swift */; };
		C53143A01BD1034B006A8E48 /* MemoryData.swift in Sources */ = {isa = PBXBuildFile; fileRef = C531439E1BD1034B006A8E48 /* MemoryData.swift */; };
		C53143A11BD1034B006A8E48 /* TagMemory.swift in Sources */ = {isa = PBXBuildFile; fileRef = C531439F1BD1034B006A8E48 /* TagMemory.swift */; };
		C53143A31BD10717006A8E48 /* TagParserTests.swift in Sources */ = {isa = PBXBuildFile; fileRef = C53143A21BD10717006A8E48 /* TagParserTests.swift */; };
		C570E4E31D1E902900A947F1 /* AppDelegate.swift in Sources */ = {isa = PBXBuildFile; fileRef = C570E4E21D1E902900A947F1 /* AppDelegate.swift */; };
		C570E4E51D1E902900A947F1 /* ViewController.swift in Sources */ = {isa = PBXBuildFile; fileRef = C570E4E41D1E902900A947F1 /* ViewController.swift */; };
		C570E4E81D1E902900A947F1 /* Main.storyboard in Resources */ = {isa = PBXBuildFile; fileRef = C570E4E61D1E902900A947F1 /* Main.storyboard */; };
		C570E4EA1D1E902900A947F1 /* Assets.xcassets in Resources */ = {isa = PBXBuildFile; fileRef = C570E4E91D1E902900A947F1 /* Assets.xcassets */; };
		C570E4ED1D1E902900A947F1 /* LaunchScreen.storyboard in Resources */ = {isa = PBXBuildFile; fileRef = C570E4EB1D1E902900A947F1 /* LaunchScreen.storyboard */; };
		C570E4F21D1E977B00A947F1 /* Tags.framework in Frameworks */ = {isa = PBXBuildFile; fileRef = C531434B1BD0F1A6006A8E48 /* Tags.framework */; };
		C570E4F61D20046800A947F1 /* DatePickerController.swift in Sources */ = {isa = PBXBuildFile; fileRef = C570E4F41D20046800A947F1 /* DatePickerController.swift */; };
		C570E4F71D20046800A947F1 /* DatePickerController.xib in Resources */ = {isa = PBXBuildFile; fileRef = C570E4F51D20046800A947F1 /* DatePickerController.xib */; };
		C5C74BA21D37BEB700A369E7 /* Reminder.swift in Sources */ = {isa = PBXBuildFile; fileRef = C5C74BA11D37BEB700A369E7 /* Reminder.swift */; };
		C5C74BA41D37BED300A369E7 /* CommandProtocol.swift in Sources */ = {isa = PBXBuildFile; fileRef = C5C74BA31D37BED300A369E7 /* CommandProtocol.swift */; };
		C5FE60151D47A3B700C2595D /* CellWidth.swift in Sources */ = {isa = PBXBuildFile; fileRef = C5FE60141D47A3B700C2595D /* CellWidth.swift */; };
		C5FE60171D47A3D400C2595D /* FormatDate.swift in Sources */ = {isa = PBXBuildFile; fileRef = C5FE60161D47A3D400C2595D /* FormatDate.swift */; };
		C5FE60191D47A45B00C2595D /* FormatDateTests.swift in Sources */ = {isa = PBXBuildFile; fileRef = C5FE60181D47A45B00C2595D /* FormatDateTests.swift */; };
		C5FE601B1D47B78C00C2595D /* DueDate.swift in Sources */ = {isa = PBXBuildFile; fileRef = C5FE601A1D47B78C00C2595D /* DueDate.swift */; };
		C5FE601D1D4B89A100C2595D /* CellWidthTests.swift in Sources */ = {isa = PBXBuildFile; fileRef = C5FE601C1D4B89A100C2595D /* CellWidthTests.swift */; };
		C5FE60201D4B9B6500C2595D /* InputPresentationController.swift in Sources */ = {isa = PBXBuildFile; fileRef = C5FE601F1D4B9B6500C2595D /* InputPresentationController.swift */; };
		C5FE60241D4B9DB300C2595D /* TextEntryController.swift in Sources */ = {isa = PBXBuildFile; fileRef = C5FE60221D4B9DB300C2595D /* TextEntryController.swift */; };
		C5FE60251D4B9DB300C2595D /* TextEntryController.xib in Resources */ = {isa = PBXBuildFile; fileRef = C5FE60231D4B9DB300C2595D /* TextEntryController.xib */; };
/* End PBXBuildFile section */

/* Begin PBXContainerItemProxy section */
		C53143571BD0F1A6006A8E48 /* PBXContainerItemProxy */ = {
			isa = PBXContainerItemProxy;
			containerPortal = C53143421BD0F1A6006A8E48 /* Project object */;
			proxyType = 1;
			remoteGlobalIDString = C531434A1BD0F1A6006A8E48;
			remoteInfo = Tags;
		};
/* End PBXContainerItemProxy section */

/* Begin PBXFileReference section */
		C50838221D141C3F0025F67F /* CollectionView.swift */ = {isa = PBXFileReference; fileEncoding = 4; lastKnownFileType = sourcecode.swift; path = CollectionView.swift; sourceTree = "<group>"; };
		C50838241D141E820025F67F /* TagCell.swift */ = {isa = PBXFileReference; fileEncoding = 4; lastKnownFileType = sourcecode.swift; path = TagCell.swift; sourceTree = "<group>"; };
		C50838251D141E820025F67F /* TagCell.xib */ = {isa = PBXFileReference; fileEncoding = 4; lastKnownFileType = file.xib; path = TagCell.xib; sourceTree = "<group>"; };
		C508382C1D1423620025F67F /* CollectionViewDataSource.swift */ = {isa = PBXFileReference; fileEncoding = 4; lastKnownFileType = sourcecode.swift; path = CollectionViewDataSource.swift; sourceTree = "<group>"; };
		C50838331D1951A20025F67F /* SuggestionView.swift */ = {isa = PBXFileReference; fileEncoding = 4; lastKnownFileType = sourcecode.swift; path = SuggestionView.swift; sourceTree = "<group>"; };
		C50838361D1951C10025F67F /* CompletionCell.swift */ = {isa = PBXFileReference; fileEncoding = 4; lastKnownFileType = sourcecode.swift; path = CompletionCell.swift; sourceTree = "<group>"; };
		C50838371D1951C10025F67F /* CompletionCell.xib */ = {isa = PBXFileReference; fileEncoding = 4; lastKnownFileType = file.xib; path = CompletionCell.xib; sourceTree = "<group>"; };
		C531434B1BD0F1A6006A8E48 /* Tags.framework */ = {isa = PBXFileReference; explicitFileType = wrapper.framework; includeInIndex = 0; path = Tags.framework; sourceTree = BUILT_PRODUCTS_DIR; };
		C531434E1BD0F1A6006A8E48 /* Tags.h */ = {isa = PBXFileReference; lastKnownFileType = sourcecode.c.h; path = Tags.h; sourceTree = "<group>"; };
		C53143501BD0F1A6006A8E48 /* Info.plist */ = {isa = PBXFileReference; lastKnownFileType = text.plist.xml; path = Info.plist; sourceTree = "<group>"; };
		C53143551BD0F1A6006A8E48 /* TagsTests.xctest */ = {isa = PBXFileReference; explicitFileType = wrapper.cfbundle; includeInIndex = 0; path = TagsTests.xctest; sourceTree = BUILT_PRODUCTS_DIR; };
		C531435A1BD0F1A6006A8E48 /* TagsInterfaceTests.swift */ = {isa = PBXFileReference; lastKnownFileType = sourcecode.swift; path = TagsInterfaceTests.swift; sourceTree = "<group>"; };
		C531435C1BD0F1A6006A8E48 /* Info.plist */ = {isa = PBXFileReference; lastKnownFileType = text.plist.xml; path = Info.plist; sourceTree = "<group>"; };
		C53143921BD0F2FD006A8E48 /* TagDelegate.swift */ = {isa = PBXFileReference; fileEncoding = 4; lastKnownFileType = sourcecode.swift; path = TagDelegate.swift; sourceTree = "<group>"; };
		C53143941BD0F332006A8E48 /* TagParser.swift */ = {isa = PBXFileReference; fileEncoding = 4; lastKnownFileType = sourcecode.swift; path = TagParser.swift; sourceTree = "<group>"; };
		C53143961BD0F4B8006A8E48 /* TagsDataSource.swift */ = {isa = PBXFileReference; fileEncoding = 4; lastKnownFileType = sourcecode.swift; path = TagsDataSource.swift; sourceTree = "<group>"; };
		C531439E1BD1034B006A8E48 /* MemoryData.swift */ = {isa = PBXFileReference; fileEncoding = 4; lastKnownFileType = sourcecode.swift; path = MemoryData.swift; sourceTree = "<group>"; };
		C531439F1BD1034B006A8E48 /* TagMemory.swift */ = {isa = PBXFileReference; fileEncoding = 4; lastKnownFileType = sourcecode.swift; path = TagMemory.swift; sourceTree = "<group>"; };
		C53143A21BD10717006A8E48 /* TagParserTests.swift */ = {isa = PBXFileReference; fileEncoding = 4; lastKnownFileType = sourcecode.swift; path = TagParserTests.swift; sourceTree = "<group>"; };
		C570E4E01D1E902900A947F1 /* TagsExample.app */ = {isa = PBXFileReference; explicitFileType = wrapper.application; includeInIndex = 0; path = TagsExample.app; sourceTree = BUILT_PRODUCTS_DIR; };
		C570E4E21D1E902900A947F1 /* AppDelegate.swift */ = {isa = PBXFileReference; lastKnownFileType = sourcecode.swift; path = AppDelegate.swift; sourceTree = "<group>"; };
		C570E4E41D1E902900A947F1 /* ViewController.swift */ = {isa = PBXFileReference; lastKnownFileType = sourcecode.swift; path = ViewController.swift; sourceTree = "<group>"; };
		C570E4E71D1E902900A947F1 /* Base */ = {isa = PBXFileReference; lastKnownFileType = file.storyboard; name = Base; path = Base.lproj/Main.storyboard; sourceTree = "<group>"; };
		C570E4E91D1E902900A947F1 /* Assets.xcassets */ = {isa = PBXFileReference; lastKnownFileType = folder.assetcatalog; path = Assets.xcassets; sourceTree = "<group>"; };
		C570E4EC1D1E902900A947F1 /* Base */ = {isa = PBXFileReference; lastKnownFileType = file.storyboard; name = Base; path = Base.lproj/LaunchScreen.storyboard; sourceTree = "<group>"; };
		C570E4EE1D1E902900A947F1 /* Info.plist */ = {isa = PBXFileReference; lastKnownFileType = text.plist.xml; path = Info.plist; sourceTree = "<group>"; };
		C570E4F41D20046800A947F1 /* DatePickerController.swift */ = {isa = PBXFileReference; fileEncoding = 4; lastKnownFileType = sourcecode.swift; path = DatePickerController.swift; sourceTree = "<group>"; };
		C570E4F51D20046800A947F1 /* DatePickerController.xib */ = {isa = PBXFileReference; fileEncoding = 4; lastKnownFileType = file.xib; path = DatePickerController.xib; sourceTree = "<group>"; };
		C5C74BA11D37BEB700A369E7 /* Reminder.swift */ = {isa = PBXFileReference; fileEncoding = 4; lastKnownFileType = sourcecode.swift; path = Reminder.swift; sourceTree = "<group>"; };
		C5C74BA31D37BED300A369E7 /* CommandProtocol.swift */ = {isa = PBXFileReference; fileEncoding = 4; lastKnownFileType = sourcecode.swift; path = CommandProtocol.swift; sourceTree = "<group>"; };
		C5FE60141D47A3B700C2595D /* CellWidth.swift */ = {isa = PBXFileReference; fileEncoding = 4; lastKnownFileType = sourcecode.swift; path = CellWidth.swift; sourceTree = "<group>"; };
		C5FE60161D47A3D400C2595D /* FormatDate.swift */ = {isa = PBXFileReference; fileEncoding = 4; lastKnownFileType = sourcecode.swift; path = FormatDate.swift; sourceTree = "<group>"; };
		C5FE60181D47A45B00C2595D /* FormatDateTests.swift */ = {isa = PBXFileReference; fileEncoding = 4; lastKnownFileType = sourcecode.swift; path = FormatDateTests.swift; sourceTree = "<group>"; };
		C5FE601A1D47B78C00C2595D /* DueDate.swift */ = {isa = PBXFileReference; fileEncoding = 4; lastKnownFileType = sourcecode.swift; path = DueDate.swift; sourceTree = "<group>"; };
		C5FE601C1D4B89A100C2595D /* CellWidthTests.swift */ = {isa = PBXFileReference; fileEncoding = 4; lastKnownFileType = sourcecode.swift; path = CellWidthTests.swift; sourceTree = "<group>"; };
		C5FE601F1D4B9B6500C2595D /* InputPresentationController.swift */ = {isa = PBXFileReference; fileEncoding = 4; lastKnownFileType = sourcecode.swift; path = InputPresentationController.swift; sourceTree = "<group>"; };
		C5FE60221D4B9DB300C2595D /* TextEntryController.swift */ = {isa = PBXFileReference; fileEncoding = 4; lastKnownFileType = sourcecode.swift; path = TextEntryController.swift; sourceTree = "<group>"; };
		C5FE60231D4B9DB300C2595D /* TextEntryController.xib */ = {isa = PBXFileReference; fileEncoding = 4; lastKnownFileType = file.xib; path = TextEntryController.xib; sourceTree = "<group>"; };
/* End PBXFileReference section */

/* Begin PBXFrameworksBuildPhase section */
		C53143471BD0F1A6006A8E48 /* Frameworks */ = {
			isa = PBXFrameworksBuildPhase;
			buildActionMask = 2147483647;
			files = (
			);
			runOnlyForDeploymentPostprocessing = 0;
		};
		C53143521BD0F1A6006A8E48 /* Frameworks */ = {
			isa = PBXFrameworksBuildPhase;
			buildActionMask = 2147483647;
			files = (
				C53143561BD0F1A6006A8E48 /* Tags.framework in Frameworks */,
			);
			runOnlyForDeploymentPostprocessing = 0;
		};
		C570E4DD1D1E902900A947F1 /* Frameworks */ = {
			isa = PBXFrameworksBuildPhase;
			buildActionMask = 2147483647;
			files = (
				C570E4F21D1E977B00A947F1 /* Tags.framework in Frameworks */,
			);
			runOnlyForDeploymentPostprocessing = 0;
		};
/* End PBXFrameworksBuildPhase section */

/* Begin PBXGroup section */
		C508381C1D141B260025F67F /* Cells */ = {
			isa = PBXGroup;
			children = (
				C50838241D141E820025F67F /* TagCell.swift */,
				C50838251D141E820025F67F /* TagCell.xib */,
			);
			path = Cells;
			sourceTree = "<group>";
		};
		C50838211D141C310025F67F /* Extensions */ = {
			isa = PBXGroup;
			children = (
				C50838221D141C3F0025F67F /* CollectionView.swift */,
			);
			path = Extensions;
			sourceTree = "<group>";
		};
		C508382B1D1423400025F67F /* DataSource */ = {
			isa = PBXGroup;
			children = (
				C508382C1D1423620025F67F /* CollectionViewDataSource.swift */,
			);
			path = DataSource;
			sourceTree = "<group>";
		};
		C50838321D1951A20025F67F /* SuggestionView */ = {
			isa = PBXGroup;
			children = (
				C50838351D1951C10025F67F /* Cells */,
				C50838331D1951A20025F67F /* SuggestionView.swift */,
			);
			path = SuggestionView;
			sourceTree = "<group>";
		};
		C50838351D1951C10025F67F /* Cells */ = {
			isa = PBXGroup;
			children = (
				C50838361D1951C10025F67F /* CompletionCell.swift */,
				C50838371D1951C10025F67F /* CompletionCell.xib */,
			);
			path = Cells;
			sourceTree = "<group>";
		};
		C53143411BD0F1A6006A8E48 = {
			isa = PBXGroup;
			children = (
				C531434D1BD0F1A6006A8E48 /* Tags */,
				C53143591BD0F1A6006A8E48 /* TagsTests */,
				C570E4E11D1E902900A947F1 /* TagsExample */,
				C531434C1BD0F1A6006A8E48 /* Products */,
			);
			sourceTree = "<group>";
		};
		C531434C1BD0F1A6006A8E48 /* Products */ = {
			isa = PBXGroup;
			children = (
				C531434B1BD0F1A6006A8E48 /* Tags.framework */,
				C53143551BD0F1A6006A8E48 /* TagsTests.xctest */,
				C570E4E01D1E902900A947F1 /* TagsExample.app */,
			);
			name = Products;
			sourceTree = "<group>";
		};
		C531434D1BD0F1A6006A8E48 /* Tags */ = {
			isa = PBXGroup;
			children = (
				C531434E1BD0F1A6006A8E48 /* Tags.h */,
				C5C74BA01D37BE9400A369E7 /* Commands */,
				C508382B1D1423400025F67F /* DataSource */,
				C570E4F31D20044400A947F1 /* DatePicker */,
				C50838211D141C310025F67F /* Extensions */,
				C5FE601E1D4B9B4D00C2595D /* InputPresentation */,
				C50838321D1951A20025F67F /* SuggestionView */,
				C508381C1D141B260025F67F /* Cells */,
				C5FE60211D4B9D8B00C2595D /* TextEntry */,
				C5FE60131D47A3B700C2595D /* Util */,
				C53143911BD0F2FD006A8E48 /* src */,
				C53143501BD0F1A6006A8E48 /* Info.plist */,
			);
			path = Tags;
			sourceTree = "<group>";
		};
		C53143591BD0F1A6006A8E48 /* TagsTests */ = {
			isa = PBXGroup;
			children = (
				C531439D1BD1034B006A8E48 /* Support */,
				C5FE60181D47A45B00C2595D /* FormatDateTests.swift */,
				C531435A1BD0F1A6006A8E48 /* TagsInterfaceTests.swift */,
				C53143A21BD10717006A8E48 /* TagParserTests.swift */,
				C5FE601C1D4B89A100C2595D /* CellWidthTests.swift */,
				C531435C1BD0F1A6006A8E48 /* Info.plist */,
			);
			path = TagsTests;
			sourceTree = "<group>";
		};
		C53143911BD0F2FD006A8E48 /* src */ = {
			isa = PBXGroup;
			children = (
				C53143921BD0F2FD006A8E48 /* TagDelegate.swift */,
				C53143941BD0F332006A8E48 /* TagParser.swift */,
				C53143961BD0F4B8006A8E48 /* TagsDataSource.swift */,
			);
			path = src;
			sourceTree = "<group>";
		};
		C531439D1BD1034B006A8E48 /* Support */ = {
			isa = PBXGroup;
			children = (
				C531439E1BD1034B006A8E48 /* MemoryData.swift */,
				C531439F1BD1034B006A8E48 /* TagMemory.swift */,
			);
			path = Support;
			sourceTree = "<group>";
		};
		C570E4E11D1E902900A947F1 /* TagsExample */ = {
			isa = PBXGroup;
			children = (
				C570E4E21D1E902900A947F1 /* AppDelegate.swift */,
				C570E4E41D1E902900A947F1 /* ViewController.swift */,
				C570E4E61D1E902900A947F1 /* Main.storyboard */,
				C570E4E91D1E902900A947F1 /* Assets.xcassets */,
				C570E4EB1D1E902900A947F1 /* LaunchScreen.storyboard */,
				C570E4EE1D1E902900A947F1 /* Info.plist */,
			);
			path = TagsExample;
			sourceTree = "<group>";
		};
		C570E4F31D20044400A947F1 /* DatePicker */ = {
			isa = PBXGroup;
			children = (
				C570E4F41D20046800A947F1 /* DatePickerController.swift */,
				C570E4F51D20046800A947F1 /* DatePickerController.xib */,
			);
			path = DatePicker;
			sourceTree = "<group>";
		};
		C5C74BA01D37BE9400A369E7 /* Commands */ = {
			isa = PBXGroup;
			children = (
				C5C74BA31D37BED300A369E7 /* CommandProtocol.swift */,
				C5C74BA11D37BEB700A369E7 /* Reminder.swift */,
				C5FE601A1D47B78C00C2595D /* DueDate.swift */,
			);
			path = Commands;
			sourceTree = "<group>";
		};
		C5FE60131D47A3B700C2595D /* Util */ = {
			isa = PBXGroup;
			children = (
				C5FE60141D47A3B700C2595D /* CellWidth.swift */,
				C5FE60161D47A3D400C2595D /* FormatDate.swift */,
			);
			name = Util;
			path = Tags/Util;
			sourceTree = SOURCE_ROOT;
		};
		C5FE601E1D4B9B4D00C2595D /* InputPresentation */ = {
			isa = PBXGroup;
			children = (
				C5FE601F1D4B9B6500C2595D /* InputPresentationController.swift */,
			);
			path = InputPresentation;
			sourceTree = "<group>";
		};
		C5FE60211D4B9D8B00C2595D /* TextEntry */ = {
			isa = PBXGroup;
			children = (
				C5FE60221D4B9DB300C2595D /* TextEntryController.swift */,
				C5FE60231D4B9DB300C2595D /* TextEntryController.xib */,
			);
			path = TextEntry;
			sourceTree = "<group>";
		};
/* End PBXGroup section */

/* Begin PBXHeadersBuildPhase section */
		C53143481BD0F1A6006A8E48 /* Headers */ = {
			isa = PBXHeadersBuildPhase;
			buildActionMask = 2147483647;
			files = (
				C531434F1BD0F1A6006A8E48 /* Tags.h in Headers */,
			);
			runOnlyForDeploymentPostprocessing = 0;
		};
/* End PBXHeadersBuildPhase section */

/* Begin PBXNativeTarget section */
		C531434A1BD0F1A6006A8E48 /* Tags */ = {
			isa = PBXNativeTarget;
			buildConfigurationList = C531435F1BD0F1A6006A8E48 /* Build configuration list for PBXNativeTarget "Tags" */;
			buildPhases = (
				C53143461BD0F1A6006A8E48 /* Sources */,
				C53143471BD0F1A6006A8E48 /* Frameworks */,
				C53143481BD0F1A6006A8E48 /* Headers */,
				C53143491BD0F1A6006A8E48 /* Resources */,
				C508383A1D1965AA0025F67F /* ShellScript */,
			);
			buildRules = (
			);
			dependencies = (
			);
			name = Tags;
			productName = Tags;
			productReference = C531434B1BD0F1A6006A8E48 /* Tags.framework */;
			productType = "com.apple.product-type.framework";
		};
		C53143541BD0F1A6006A8E48 /* TagsTests */ = {
			isa = PBXNativeTarget;
			buildConfigurationList = C53143621BD0F1A6006A8E48 /* Build configuration list for PBXNativeTarget "TagsTests" */;
			buildPhases = (
				C53143511BD0F1A6006A8E48 /* Sources */,
				C53143521BD0F1A6006A8E48 /* Frameworks */,
				C53143531BD0F1A6006A8E48 /* Resources */,
			);
			buildRules = (
			);
			dependencies = (
				C53143581BD0F1A6006A8E48 /* PBXTargetDependency */,
			);
			name = TagsTests;
			productName = TagsTests;
			productReference = C53143551BD0F1A6006A8E48 /* TagsTests.xctest */;
			productType = "com.apple.product-type.bundle.unit-test";
		};
		C570E4DF1D1E902900A947F1 /* TagsExample */ = {
			isa = PBXNativeTarget;
			buildConfigurationList = C570E4F11D1E902900A947F1 /* Build configuration list for PBXNativeTarget "TagsExample" */;
			buildPhases = (
				C570E4DC1D1E902900A947F1 /* Sources */,
				C570E4DD1D1E902900A947F1 /* Frameworks */,
				C570E4DE1D1E902900A947F1 /* Resources */,
			);
			buildRules = (
			);
			dependencies = (
			);
			name = TagsExample;
			productName = TagsExample;
			productReference = C570E4E01D1E902900A947F1 /* TagsExample.app */;
			productType = "com.apple.product-type.application";
		};
/* End PBXNativeTarget section */

/* Begin PBXProject section */
		C53143421BD0F1A6006A8E48 /* Project object */ = {
			isa = PBXProject;
			attributes = {
				LastSwiftUpdateCheck = 0730;
				LastUpgradeCheck = 0700;
				ORGANIZATIONNAME = Fluiddynamics;
				TargetAttributes = {
					C531434A1BD0F1A6006A8E48 = {
						CreatedOnToolsVersion = 7.0.1;
					};
					C53143541BD0F1A6006A8E48 = {
						CreatedOnToolsVersion = 7.0.1;
					};
					C570E4DF1D1E902900A947F1 = {
						CreatedOnToolsVersion = 7.3.1;
					};
				};
			};
			buildConfigurationList = C53143451BD0F1A6006A8E48 /* Build configuration list for PBXProject "Tags" */;
			compatibilityVersion = "Xcode 3.2";
			developmentRegion = English;
			hasScannedForEncodings = 0;
			knownRegions = (
				en,
				Base,
			);
			mainGroup = C53143411BD0F1A6006A8E48;
			productRefGroup = C531434C1BD0F1A6006A8E48 /* Products */;
			projectDirPath = "";
			projectRoot = "";
			targets = (
				C531434A1BD0F1A6006A8E48 /* Tags */,
				C53143541BD0F1A6006A8E48 /* TagsTests */,
				C570E4DF1D1E902900A947F1 /* TagsExample */,
			);
		};
/* End PBXProject section */

/* Begin PBXResourcesBuildPhase section */
		C53143491BD0F1A6006A8E48 /* Resources */ = {
			isa = PBXResourcesBuildPhase;
			buildActionMask = 2147483647;
			files = (
				C570E4F71D20046800A947F1 /* DatePickerController.xib in Resources */,
				C50838391D1951C10025F67F /* CompletionCell.xib in Resources */,
				C50838271D141E820025F67F /* TagCell.xib in Resources */,
				C5FE60251D4B9DB300C2595D /* TextEntryController.xib in Resources */,
			);
			runOnlyForDeploymentPostprocessing = 0;
		};
		C53143531BD0F1A6006A8E48 /* Resources */ = {
			isa = PBXResourcesBuildPhase;
			buildActionMask = 2147483647;
			files = (
			);
			runOnlyForDeploymentPostprocessing = 0;
		};
		C570E4DE1D1E902900A947F1 /* Resources */ = {
			isa = PBXResourcesBuildPhase;
			buildActionMask = 2147483647;
			files = (
				C570E4ED1D1E902900A947F1 /* LaunchScreen.storyboard in Resources */,
				C570E4EA1D1E902900A947F1 /* Assets.xcassets in Resources */,
				C570E4E81D1E902900A947F1 /* Main.storyboard in Resources */,
			);
			runOnlyForDeploymentPostprocessing = 0;
		};
/* End PBXResourcesBuildPhase section */

/* Begin PBXShellScriptBuildPhase section */
		C508383A1D1965AA0025F67F /* ShellScript */ = {
			isa = PBXShellScriptBuildPhase;
			buildActionMask = 2147483647;
			files = (
			);
			inputPaths = (
			);
			outputPaths = (
			);
			runOnlyForDeploymentPostprocessing = 0;
			shellPath = /bin/sh;
			shellScript = "if which swiftlint >/dev/null; then\nswiftlint lint --path \"Tags\"\nelse\necho \"warning: SwiftLint not installed, download from https://github.com/realm/SwiftLint\"\nfi";
		};
/* End PBXShellScriptBuildPhase section */

/* Begin PBXSourcesBuildPhase section */
		C53143461BD0F1A6006A8E48 /* Sources */ = {
			isa = PBXSourcesBuildPhase;
			buildActionMask = 2147483647;
			files = (
				C50838341D1951A20025F67F /* SuggestionView.swift in Sources */,
				C5FE60171D47A3D400C2595D /* FormatDate.swift in Sources */,
				C53143931BD0F2FD006A8E48 /* TagDelegate.swift in Sources */,
				C5C74BA21D37BEB700A369E7 /* Reminder.swift in Sources */,
				C5FE60151D47A3B700C2595D /* CellWidth.swift in Sources */,
				C508382D1D1423620025F67F /* CollectionViewDataSource.swift in Sources */,
				C570E4F61D20046800A947F1 /* DatePickerController.swift in Sources */,
				C5C74BA41D37BED300A369E7 /* CommandProtocol.swift in Sources */,
				C5FE601B1D47B78C00C2595D /* DueDate.swift in Sources */,
				C50838261D141E820025F67F /* TagCell.swift in Sources */,
				C53143951BD0F332006A8E48 /* TagParser.swift in Sources */,
				C50838231D141C3F0025F67F /* CollectionView.swift in Sources */,
				C5FE60201D4B9B6500C2595D /* InputPresentationController.swift in Sources */,
				C50838381D1951C10025F67F /* CompletionCell.swift in Sources */,
				C53143971BD0F4B8006A8E48 /* TagsDataSource.swift in Sources */,
				C5FE60241D4B9DB300C2595D /* TextEntryController.swift in Sources */,
			);
			runOnlyForDeploymentPostprocessing = 0;
		};
		C53143511BD0F1A6006A8E48 /* Sources */ = {
			isa = PBXSourcesBuildPhase;
			buildActionMask = 2147483647;
			files = (
				C5FE60191D47A45B00C2595D /* FormatDateTests.swift in Sources */,
				C531435B1BD0F1A6006A8E48 /* TagsInterfaceTests.swift in Sources */,
				C5FE601D1D4B89A100C2595D /* CellWidthTests.swift in Sources */,
				C53143A11BD1034B006A8E48 /* TagMemory.swift in Sources */,
				C53143A01BD1034B006A8E48 /* MemoryData.swift in Sources */,
				C53143A31BD10717006A8E48 /* TagParserTests.swift in Sources */,
			);
			runOnlyForDeploymentPostprocessing = 0;
		};
		C570E4DC1D1E902900A947F1 /* Sources */ = {
			isa = PBXSourcesBuildPhase;
			buildActionMask = 2147483647;
			files = (
				C570E4E51D1E902900A947F1 /* ViewController.swift in Sources */,
				C570E4E31D1E902900A947F1 /* AppDelegate.swift in Sources */,
			);
			runOnlyForDeploymentPostprocessing = 0;
		};
/* End PBXSourcesBuildPhase section */

/* Begin PBXTargetDependency section */
		C53143581BD0F1A6006A8E48 /* PBXTargetDependency */ = {
			isa = PBXTargetDependency;
			target = C531434A1BD0F1A6006A8E48 /* Tags */;
			targetProxy = C53143571BD0F1A6006A8E48 /* PBXContainerItemProxy */;
		};
/* End PBXTargetDependency section */

/* Begin PBXVariantGroup section */
		C570E4E61D1E902900A947F1 /* Main.storyboard */ = {
			isa = PBXVariantGroup;
			children = (
				C570E4E71D1E902900A947F1 /* Base */,
			);
			name = Main.storyboard;
			sourceTree = "<group>";
		};
		C570E4EB1D1E902900A947F1 /* LaunchScreen.storyboard */ = {
			isa = PBXVariantGroup;
			children = (
				C570E4EC1D1E902900A947F1 /* Base */,
			);
			name = LaunchScreen.storyboard;
			sourceTree = "<group>";
		};
/* End PBXVariantGroup section */

/* Begin XCBuildConfiguration section */
		C531435D1BD0F1A6006A8E48 /* Debug */ = {
			isa = XCBuildConfiguration;
			buildSettings = {
				ALWAYS_SEARCH_USER_PATHS = NO;
				CLANG_CXX_LANGUAGE_STANDARD = "gnu++0x";
				CLANG_CXX_LIBRARY = "libc++";
				CLANG_ENABLE_MODULES = YES;
				CLANG_ENABLE_OBJC_ARC = YES;
				CLANG_WARN_BOOL_CONVERSION = YES;
				CLANG_WARN_CONSTANT_CONVERSION = YES;
				CLANG_WARN_DIRECT_OBJC_ISA_USAGE = YES_ERROR;
				CLANG_WARN_EMPTY_BODY = YES;
				CLANG_WARN_ENUM_CONVERSION = YES;
				CLANG_WARN_INT_CONVERSION = YES;
				CLANG_WARN_OBJC_ROOT_CLASS = YES_ERROR;
				CLANG_WARN_UNREACHABLE_CODE = YES;
				CLANG_WARN__DUPLICATE_METHOD_MATCH = YES;
				"CODE_SIGN_IDENTITY[sdk=iphoneos*]" = "iPhone Developer";
				COPY_PHASE_STRIP = NO;
				CURRENT_PROJECT_VERSION = 1;
				DEBUG_INFORMATION_FORMAT = dwarf;
				ENABLE_STRICT_OBJC_MSGSEND = YES;
				ENABLE_TESTABILITY = YES;
				GCC_C_LANGUAGE_STANDARD = gnu99;
				GCC_DYNAMIC_NO_PIC = NO;
				GCC_NO_COMMON_BLOCKS = YES;
				GCC_OPTIMIZATION_LEVEL = 0;
				GCC_PREPROCESSOR_DEFINITIONS = (
					"DEBUG=1",
					"$(inherited)",
				);
				GCC_WARN_64_TO_32_BIT_CONVERSION = YES;
				GCC_WARN_ABOUT_RETURN_TYPE = YES_ERROR;
				GCC_WARN_UNDECLARED_SELECTOR = YES;
				GCC_WARN_UNINITIALIZED_AUTOS = YES_AGGRESSIVE;
				GCC_WARN_UNUSED_FUNCTION = YES;
				GCC_WARN_UNUSED_VARIABLE = YES;
				IPHONEOS_DEPLOYMENT_TARGET = 9.0;
				MTL_ENABLE_DEBUG_INFO = YES;
				ONLY_ACTIVE_ARCH = YES;
				SDKROOT = iphoneos;
				SWIFT_OPTIMIZATION_LEVEL = "-Onone";
				TARGETED_DEVICE_FAMILY = "1,2";
				VERSIONING_SYSTEM = "apple-generic";
				VERSION_INFO_PREFIX = "";
			};
			name = Debug;
		};
		C531435E1BD0F1A6006A8E48 /* Release */ = {
			isa = XCBuildConfiguration;
			buildSettings = {
				ALWAYS_SEARCH_USER_PATHS = NO;
				CLANG_CXX_LANGUAGE_STANDARD = "gnu++0x";
				CLANG_CXX_LIBRARY = "libc++";
				CLANG_ENABLE_MODULES = YES;
				CLANG_ENABLE_OBJC_ARC = YES;
				CLANG_WARN_BOOL_CONVERSION = YES;
				CLANG_WARN_CONSTANT_CONVERSION = YES;
				CLANG_WARN_DIRECT_OBJC_ISA_USAGE = YES_ERROR;
				CLANG_WARN_EMPTY_BODY = YES;
				CLANG_WARN_ENUM_CONVERSION = YES;
				CLANG_WARN_INT_CONVERSION = YES;
				CLANG_WARN_OBJC_ROOT_CLASS = YES_ERROR;
				CLANG_WARN_UNREACHABLE_CODE = YES;
				CLANG_WARN__DUPLICATE_METHOD_MATCH = YES;
				"CODE_SIGN_IDENTITY[sdk=iphoneos*]" = "iPhone Developer";
				COPY_PHASE_STRIP = NO;
				CURRENT_PROJECT_VERSION = 1;
				DEBUG_INFORMATION_FORMAT = "dwarf-with-dsym";
				ENABLE_NS_ASSERTIONS = NO;
				ENABLE_STRICT_OBJC_MSGSEND = YES;
				GCC_C_LANGUAGE_STANDARD = gnu99;
				GCC_NO_COMMON_BLOCKS = YES;
				GCC_WARN_64_TO_32_BIT_CONVERSION = YES;
				GCC_WARN_ABOUT_RETURN_TYPE = YES_ERROR;
				GCC_WARN_UNDECLARED_SELECTOR = YES;
				GCC_WARN_UNINITIALIZED_AUTOS = YES_AGGRESSIVE;
				GCC_WARN_UNUSED_FUNCTION = YES;
				GCC_WARN_UNUSED_VARIABLE = YES;
				IPHONEOS_DEPLOYMENT_TARGET = 9.0;
				MTL_ENABLE_DEBUG_INFO = NO;
				SDKROOT = iphoneos;
				TARGETED_DEVICE_FAMILY = "1,2";
				VALIDATE_PRODUCT = YES;
				VERSIONING_SYSTEM = "apple-generic";
				VERSION_INFO_PREFIX = "";
			};
			name = Release;
		};
		C53143601BD0F1A6006A8E48 /* Debug */ = {
			isa = XCBuildConfiguration;
			buildSettings = {
				DEFINES_MODULE = YES;
				DYLIB_COMPATIBILITY_VERSION = 1;
				DYLIB_CURRENT_VERSION = 1;
				DYLIB_INSTALL_NAME_BASE = "@rpath";
				INFOPLIST_FILE = Tags/Info.plist;
				INSTALL_PATH = "$(LOCAL_LIBRARY_DIR)/Frameworks";
				LD_RUNPATH_SEARCH_PATHS = "$(inherited) @executable_path/Frameworks @loader_path/Frameworks";
				PRODUCT_BUNDLE_IDENTIFIER = ca.Fluiddynamics.Tags;
				PRODUCT_NAME = "$(TARGET_NAME)";
				SKIP_INSTALL = YES;
			};
			name = Debug;
		};
		C53143611BD0F1A6006A8E48 /* Release */ = {
			isa = XCBuildConfiguration;
			buildSettings = {
				DEFINES_MODULE = YES;
				DYLIB_COMPATIBILITY_VERSION = 1;
				DYLIB_CURRENT_VERSION = 1;
				DYLIB_INSTALL_NAME_BASE = "@rpath";
				INFOPLIST_FILE = Tags/Info.plist;
				INSTALL_PATH = "$(LOCAL_LIBRARY_DIR)/Frameworks";
				LD_RUNPATH_SEARCH_PATHS = "$(inherited) @executable_path/Frameworks @loader_path/Frameworks";
				PRODUCT_BUNDLE_IDENTIFIER = ca.Fluiddynamics.Tags;
				PRODUCT_NAME = "$(TARGET_NAME)";
				SKIP_INSTALL = YES;
			};
			name = Release;
		};
		C53143631BD0F1A6006A8E48 /* Debug */ = {
			isa = XCBuildConfiguration;
			buildSettings = {
				INFOPLIST_FILE = TagsTests/Info.plist;
				LD_RUNPATH_SEARCH_PATHS = "$(inherited) @executable_path/Frameworks @loader_path/Frameworks";
				PRODUCT_BUNDLE_IDENTIFIER = ca.Fluiddynamics.TagsTests;
				PRODUCT_NAME = "$(TARGET_NAME)";
			};
			name = Debug;
		};
		C53143641BD0F1A6006A8E48 /* Release */ = {
			isa = XCBuildConfiguration;
			buildSettings = {
				INFOPLIST_FILE = TagsTests/Info.plist;
				LD_RUNPATH_SEARCH_PATHS = "$(inherited) @executable_path/Frameworks @loader_path/Frameworks";
				PRODUCT_BUNDLE_IDENTIFIER = ca.Fluiddynamics.TagsTests;
				PRODUCT_NAME = "$(TARGET_NAME)";
			};
			name = Release;
		};
		C570E4EF1D1E902900A947F1 /* Debug */ = {
			isa = XCBuildConfiguration;
			buildSettings = {
				ASSETCATALOG_COMPILER_APPICON_NAME = AppIcon;
				CLANG_ANALYZER_NONNULL = YES;
				INFOPLIST_FILE = TagsExample/Info.plist;
				IPHONEOS_DEPLOYMENT_TARGET = 9.3;
				LD_RUNPATH_SEARCH_PATHS = "$(inherited) @executable_path/Frameworks";
				PRODUCT_BUNDLE_IDENTIFIER = uk.co.SnapFashion.TagsExample;
				PRODUCT_NAME = "$(TARGET_NAME)";
			};
			name = Debug;
		};
		C570E4F01D1E902900A947F1 /* Release */ = {
			isa = XCBuildConfiguration;
			buildSettings = {
				ASSETCATALOG_COMPILER_APPICON_NAME = AppIcon;
				CLANG_ANALYZER_NONNULL = YES;
				INFOPLIST_FILE = TagsExample/Info.plist;
				IPHONEOS_DEPLOYMENT_TARGET = 9.3;
				LD_RUNPATH_SEARCH_PATHS = "$(inherited) @executable_path/Frameworks";
				PRODUCT_BUNDLE_IDENTIFIER = uk.co.SnapFashion.TagsExample;
				PRODUCT_NAME = "$(TARGET_NAME)";
			};
			name = Release;
		};
/* End XCBuildConfiguration section */

/* Begin XCConfigurationList section */
		C53143451BD0F1A6006A8E48 /* Build configuration list for PBXProject "Tags" */ = {
			isa = XCConfigurationList;
			buildConfigurations = (
				C531435D1BD0F1A6006A8E48 /* Debug */,
				C531435E1BD0F1A6006A8E48 /* Release */,
			);
			defaultConfigurationIsVisible = 0;
			defaultConfigurationName = Release;
		};
		C531435F1BD0F1A6006A8E48 /* Build configuration list for PBXNativeTarget "Tags" */ = {
			isa = XCConfigurationList;
			buildConfigurations = (
				C53143601BD0F1A6006A8E48 /* Debug */,
				C53143611BD0F1A6006A8E48 /* Release */,
			);
			defaultConfigurationIsVisible = 0;
			defaultConfigurationName = Release;
		};
		C53143621BD0F1A6006A8E48 /* Build configuration list for PBXNativeTarget "TagsTests" */ = {
			isa = XCConfigurationList;
			buildConfigurations = (
				C53143631BD0F1A6006A8E48 /* Debug */,
				C53143641BD0F1A6006A8E48 /* Release */,
			);
			defaultConfigurationIsVisible = 0;
			defaultConfigurationName = Release;
		};
		C570E4F11D1E902900A947F1 /* Build configuration list for PBXNativeTarget "TagsExample" */ = {
			isa = XCConfigurationList;
			buildConfigurations = (
				C570E4EF1D1E902900A947F1 /* Debug */,
				C570E4F01D1E902900A947F1 /* Release */,
			);
			defaultConfigurationIsVisible = 0;
			defaultConfigurationName = Release;
		};
/* End XCConfigurationList section */
	};
	rootObject = C53143421BD0F1A6006A8E48 /* Project object */;
}
